// !$*UTF8*$!
{
	archiveVersion = 1;
	classes = {
	};
	objectVersion = 51;
	objects = {

/* Begin PBXBuildFile section */
		41EB0B2C52540C588CC177E9 /* Pods_Marvel_MarvelUITests.framework in Frameworks */ = {isa = PBXBuildFile; fileRef = 6951C913E733BF98D9DFB650 /* Pods_Marvel_MarvelUITests.framework */; };
		50B0B200231A8E639ADEAFA4 /* Pods_Marvel.framework in Frameworks */ = {isa = PBXBuildFile; fileRef = 98121A2752A35404714416C7 /* Pods_Marvel.framework */; };
		9089131ABDE912B6BD132643 /* Pods_MarvelTests.framework in Frameworks */ = {isa = PBXBuildFile; fileRef = 3DC4E187361433D04FC3E42C /* Pods_MarvelTests.framework */; };
		9577499B2677ADA60027B85B /* CharacterDataContainerDataSource.swift in Sources */ = {isa = PBXBuildFile; fileRef = 9577499A2677ADA60027B85B /* CharacterDataContainerDataSource.swift */; };
		957749B32677AEF60027B85B /* CharacterDataWrapperModel.swift in Sources */ = {isa = PBXBuildFile; fileRef = 957749B22677AEF60027B85B /* CharacterDataWrapperModel.swift */; };
		957749BB2677AF050027B85B /* CharacterDataContainerModel.swift in Sources */ = {isa = PBXBuildFile; fileRef = 957749BA2677AF050027B85B /* CharacterDataContainerModel.swift */; };
		957749C02677AF110027B85B /* CharacterModel.swift in Sources */ = {isa = PBXBuildFile; fileRef = 957749BF2677AF110027B85B /* CharacterModel.swift */; };
		957749C52677AF1D0027B85B /* URLModel.swift in Sources */ = {isa = PBXBuildFile; fileRef = 957749C42677AF1D0027B85B /* URLModel.swift */; };
		957749CA2677AF280027B85B /* ImageModel.swift in Sources */ = {isa = PBXBuildFile; fileRef = 957749C92677AF280027B85B /* ImageModel.swift */; };
		957749D02677AFA10027B85B /* Constants.swift in Sources */ = {isa = PBXBuildFile; fileRef = 957749CF2677AFA10027B85B /* Constants.swift */; };
		957749DC2677B02A0027B85B /* CharacterDataContainerDataSourceTests.swift in Sources */ = {isa = PBXBuildFile; fileRef = 957749DB2677B02A0027B85B /* CharacterDataContainerDataSourceTests.swift */; };
		957749E42677B0480027B85B /* CharacterDataModelTests.swift in Sources */ = {isa = PBXBuildFile; fileRef = 957749E32677B0480027B85B /* CharacterDataModelTests.swift */; };
		957749EC2677B0810027B85B /* characters.json in Resources */ = {isa = PBXBuildFile; fileRef = 957749EB2677B0810027B85B /* characters.json */; };
		958222292677ABBF00A0BBAB /* README.md in Resources */ = {isa = PBXBuildFile; fileRef = 958222272677ABBF00A0BBAB /* README.md */; };
		9582222A2677ABBF00A0BBAB /* Podfile in Resources */ = {isa = PBXBuildFile; fileRef = 958222282677ABBF00A0BBAB /* Podfile */; };
		95F633BC2677A6CA00858A6C /* AppDelegate.swift in Sources */ = {isa = PBXBuildFile; fileRef = 95F633BB2677A6CA00858A6C /* AppDelegate.swift */; };
		95F633BE2677A6CA00858A6C /* SceneDelegate.swift in Sources */ = {isa = PBXBuildFile; fileRef = 95F633BD2677A6CA00858A6C /* SceneDelegate.swift */; };
		95F633C02677A6CA00858A6C /* ViewController.swift in Sources */ = {isa = PBXBuildFile; fileRef = 95F633BF2677A6CA00858A6C /* ViewController.swift */; };
		95F633C32677A6CA00858A6C /* Main.storyboard in Resources */ = {isa = PBXBuildFile; fileRef = 95F633C12677A6CA00858A6C /* Main.storyboard */; };
		95F633C52677A6CB00858A6C /* Assets.xcassets in Resources */ = {isa = PBXBuildFile; fileRef = 95F633C42677A6CB00858A6C /* Assets.xcassets */; };
		95F633C82677A6CB00858A6C /* LaunchScreen.storyboard in Resources */ = {isa = PBXBuildFile; fileRef = 95F633C62677A6CB00858A6C /* LaunchScreen.storyboard */; };
		95F633D32677A6CB00858A6C /* MarvelTests.swift in Sources */ = {isa = PBXBuildFile; fileRef = 95F633D22677A6CB00858A6C /* MarvelTests.swift */; };
		95F633DE2677A6CB00858A6C /* MarvelUITests.swift in Sources */ = {isa = PBXBuildFile; fileRef = 95F633DD2677A6CB00858A6C /* MarvelUITests.swift */; };
/* End PBXBuildFile section */

/* Begin PBXContainerItemProxy section */
		95F633CF2677A6CB00858A6C /* PBXContainerItemProxy */ = {
			isa = PBXContainerItemProxy;
			containerPortal = 95F633B02677A6CA00858A6C /* Project object */;
			proxyType = 1;
			remoteGlobalIDString = 95F633B72677A6CA00858A6C;
			remoteInfo = Marvel;
		};
		95F633DA2677A6CB00858A6C /* PBXContainerItemProxy */ = {
			isa = PBXContainerItemProxy;
			containerPortal = 95F633B02677A6CA00858A6C /* Project object */;
			proxyType = 1;
			remoteGlobalIDString = 95F633B72677A6CA00858A6C;
			remoteInfo = Marvel;
		};
/* End PBXContainerItemProxy section */

/* Begin PBXFileReference section */
		01A921F34CA819ABFBF3D46C /* Pods-Marvel-MarvelUITests.release.xcconfig */ = {isa = PBXFileReference; includeInIndex = 1; lastKnownFileType = text.xcconfig; name = "Pods-Marvel-MarvelUITests.release.xcconfig"; path = "Target Support Files/Pods-Marvel-MarvelUITests/Pods-Marvel-MarvelUITests.release.xcconfig"; sourceTree = "<group>"; };
		3DC4E187361433D04FC3E42C /* Pods_MarvelTests.framework */ = {isa = PBXFileReference; explicitFileType = wrapper.framework; includeInIndex = 0; path = Pods_MarvelTests.framework; sourceTree = BUILT_PRODUCTS_DIR; };
		6951C913E733BF98D9DFB650 /* Pods_Marvel_MarvelUITests.framework */ = {isa = PBXFileReference; explicitFileType = wrapper.framework; includeInIndex = 0; path = Pods_Marvel_MarvelUITests.framework; sourceTree = BUILT_PRODUCTS_DIR; };
		7C15B633777B6358215C9C1C /* Pods-MarvelTests.debug.xcconfig */ = {isa = PBXFileReference; includeInIndex = 1; lastKnownFileType = text.xcconfig; name = "Pods-MarvelTests.debug.xcconfig"; path = "Target Support Files/Pods-MarvelTests/Pods-MarvelTests.debug.xcconfig"; sourceTree = "<group>"; };
		883235D42544505141CD3B2C /* Pods-MarvelTests.release.xcconfig */ = {isa = PBXFileReference; includeInIndex = 1; lastKnownFileType = text.xcconfig; name = "Pods-MarvelTests.release.xcconfig"; path = "Target Support Files/Pods-MarvelTests/Pods-MarvelTests.release.xcconfig"; sourceTree = "<group>"; };
		9577499A2677ADA60027B85B /* CharacterDataContainerDataSource.swift */ = {isa = PBXFileReference; lastKnownFileType = sourcecode.swift; path = CharacterDataContainerDataSource.swift; sourceTree = "<group>"; };
		957749B22677AEF60027B85B /* CharacterDataWrapperModel.swift */ = {isa = PBXFileReference; lastKnownFileType = sourcecode.swift; path = CharacterDataWrapperModel.swift; sourceTree = "<group>"; };
		957749BA2677AF050027B85B /* CharacterDataContainerModel.swift */ = {isa = PBXFileReference; lastKnownFileType = sourcecode.swift; path = CharacterDataContainerModel.swift; sourceTree = "<group>"; };
		957749BF2677AF110027B85B /* CharacterModel.swift */ = {isa = PBXFileReference; lastKnownFileType = sourcecode.swift; path = CharacterModel.swift; sourceTree = "<group>"; };
		957749C42677AF1D0027B85B /* URLModel.swift */ = {isa = PBXFileReference; lastKnownFileType = sourcecode.swift; path = URLModel.swift; sourceTree = "<group>"; };
		957749C92677AF280027B85B /* ImageModel.swift */ = {isa = PBXFileReference; lastKnownFileType = sourcecode.swift; path = ImageModel.swift; sourceTree = "<group>"; };
		957749CF2677AFA10027B85B /* Constants.swift */ = {isa = PBXFileReference; lastKnownFileType = sourcecode.swift; path = Constants.swift; sourceTree = "<group>"; };
		957749DB2677B02A0027B85B /* CharacterDataContainerDataSourceTests.swift */ = {isa = PBXFileReference; lastKnownFileType = sourcecode.swift; path = CharacterDataContainerDataSourceTests.swift; sourceTree = "<group>"; };
		957749E32677B0480027B85B /* CharacterDataModelTests.swift */ = {isa = PBXFileReference; lastKnownFileType = sourcecode.swift; path = CharacterDataModelTests.swift; sourceTree = "<group>"; };
		957749EB2677B0810027B85B /* characters.json */ = {isa = PBXFileReference; lastKnownFileType = text.json; path = characters.json; sourceTree = "<group>"; };
		958222272677ABBF00A0BBAB /* README.md */ = {isa = PBXFileReference; fileEncoding = 4; lastKnownFileType = net.daringfireball.markdown; path = README.md; sourceTree = "<group>"; };
		958222282677ABBF00A0BBAB /* Podfile */ = {isa = PBXFileReference; fileEncoding = 4; lastKnownFileType = text; path = Podfile; sourceTree = "<group>"; };
		95F633B82677A6CA00858A6C /* Marvel.app */ = {isa = PBXFileReference; explicitFileType = wrapper.application; includeInIndex = 0; path = Marvel.app; sourceTree = BUILT_PRODUCTS_DIR; };
		95F633BB2677A6CA00858A6C /* AppDelegate.swift */ = {isa = PBXFileReference; lastKnownFileType = sourcecode.swift; path = AppDelegate.swift; sourceTree = "<group>"; };
		95F633BD2677A6CA00858A6C /* SceneDelegate.swift */ = {isa = PBXFileReference; lastKnownFileType = sourcecode.swift; path = SceneDelegate.swift; sourceTree = "<group>"; };
		95F633BF2677A6CA00858A6C /* ViewController.swift */ = {isa = PBXFileReference; lastKnownFileType = sourcecode.swift; path = ViewController.swift; sourceTree = "<group>"; };
		95F633C22677A6CA00858A6C /* Base */ = {isa = PBXFileReference; lastKnownFileType = file.storyboard; name = Base; path = Base.lproj/Main.storyboard; sourceTree = "<group>"; };
		95F633C42677A6CB00858A6C /* Assets.xcassets */ = {isa = PBXFileReference; lastKnownFileType = folder.assetcatalog; path = Assets.xcassets; sourceTree = "<group>"; };
		95F633C72677A6CB00858A6C /* Base */ = {isa = PBXFileReference; lastKnownFileType = file.storyboard; name = Base; path = Base.lproj/LaunchScreen.storyboard; sourceTree = "<group>"; };
		95F633C92677A6CB00858A6C /* Info.plist */ = {isa = PBXFileReference; lastKnownFileType = text.plist.xml; path = Info.plist; sourceTree = "<group>"; };
		95F633CE2677A6CB00858A6C /* MarvelTests.xctest */ = {isa = PBXFileReference; explicitFileType = wrapper.cfbundle; includeInIndex = 0; path = MarvelTests.xctest; sourceTree = BUILT_PRODUCTS_DIR; };
		95F633D22677A6CB00858A6C /* MarvelTests.swift */ = {isa = PBXFileReference; lastKnownFileType = sourcecode.swift; path = MarvelTests.swift; sourceTree = "<group>"; };
		95F633D42677A6CB00858A6C /* Info.plist */ = {isa = PBXFileReference; lastKnownFileType = text.plist.xml; path = Info.plist; sourceTree = "<group>"; };
		95F633D92677A6CB00858A6C /* MarvelUITests.xctest */ = {isa = PBXFileReference; explicitFileType = wrapper.cfbundle; includeInIndex = 0; path = MarvelUITests.xctest; sourceTree = BUILT_PRODUCTS_DIR; };
		95F633DD2677A6CB00858A6C /* MarvelUITests.swift */ = {isa = PBXFileReference; lastKnownFileType = sourcecode.swift; path = MarvelUITests.swift; sourceTree = "<group>"; };
		95F633DF2677A6CB00858A6C /* Info.plist */ = {isa = PBXFileReference; lastKnownFileType = text.plist.xml; path = Info.plist; sourceTree = "<group>"; };
		98121A2752A35404714416C7 /* Pods_Marvel.framework */ = {isa = PBXFileReference; explicitFileType = wrapper.framework; includeInIndex = 0; path = Pods_Marvel.framework; sourceTree = BUILT_PRODUCTS_DIR; };
		BD28EC8A9F757E544ABCAAE9 /* Pods-Marvel.debug.xcconfig */ = {isa = PBXFileReference; includeInIndex = 1; lastKnownFileType = text.xcconfig; name = "Pods-Marvel.debug.xcconfig"; path = "Target Support Files/Pods-Marvel/Pods-Marvel.debug.xcconfig"; sourceTree = "<group>"; };
		DD18079F5FB3C99EB325E36B /* Pods-Marvel.release.xcconfig */ = {isa = PBXFileReference; includeInIndex = 1; lastKnownFileType = text.xcconfig; name = "Pods-Marvel.release.xcconfig"; path = "Target Support Files/Pods-Marvel/Pods-Marvel.release.xcconfig"; sourceTree = "<group>"; };
		F41B3B9E55BC1FD3ABED86C0 /* Pods-Marvel-MarvelUITests.debug.xcconfig */ = {isa = PBXFileReference; includeInIndex = 1; lastKnownFileType = text.xcconfig; name = "Pods-Marvel-MarvelUITests.debug.xcconfig"; path = "Target Support Files/Pods-Marvel-MarvelUITests/Pods-Marvel-MarvelUITests.debug.xcconfig"; sourceTree = "<group>"; };
/* End PBXFileReference section */

/* Begin PBXFrameworksBuildPhase section */
		95F633B52677A6CA00858A6C /* Frameworks */ = {
			isa = PBXFrameworksBuildPhase;
			buildActionMask = 2147483647;
			files = (
				50B0B200231A8E639ADEAFA4 /* Pods_Marvel.framework in Frameworks */,
			);
			runOnlyForDeploymentPostprocessing = 0;
		};
		95F633CB2677A6CB00858A6C /* Frameworks */ = {
			isa = PBXFrameworksBuildPhase;
			buildActionMask = 2147483647;
			files = (
				9089131ABDE912B6BD132643 /* Pods_MarvelTests.framework in Frameworks */,
			);
			runOnlyForDeploymentPostprocessing = 0;
		};
		95F633D62677A6CB00858A6C /* Frameworks */ = {
			isa = PBXFrameworksBuildPhase;
			buildActionMask = 2147483647;
			files = (
				41EB0B2C52540C588CC177E9 /* Pods_Marvel_MarvelUITests.framework in Frameworks */,
			);
			runOnlyForDeploymentPostprocessing = 0;
		};
/* End PBXFrameworksBuildPhase section */

/* Begin PBXGroup section */
		3CB8697BF725997DC85A09B7 /* Pods */ = {
			isa = PBXGroup;
			children = (
				BD28EC8A9F757E544ABCAAE9 /* Pods-Marvel.debug.xcconfig */,
				DD18079F5FB3C99EB325E36B /* Pods-Marvel.release.xcconfig */,
				F41B3B9E55BC1FD3ABED86C0 /* Pods-Marvel-MarvelUITests.debug.xcconfig */,
				01A921F34CA819ABFBF3D46C /* Pods-Marvel-MarvelUITests.release.xcconfig */,
				7C15B633777B6358215C9C1C /* Pods-MarvelTests.debug.xcconfig */,
				883235D42544505141CD3B2C /* Pods-MarvelTests.release.xcconfig */,
			);
			path = Pods;
			sourceTree = "<group>";
		};
		957749972677AD3C0027B85B /* Feature */ = {
			isa = PBXGroup;
			children = (
				957749982677AD430027B85B /* CharacterData */,
			);
			path = Feature;
			sourceTree = "<group>";
		};
		957749982677AD430027B85B /* CharacterData */ = {
			isa = PBXGroup;
			children = (
				957749992677AD6B0027B85B /* DataSource */,
				957749B12677AEDB0027B85B /* Model */,
			);
			path = CharacterData;
			sourceTree = "<group>";
		};
		957749992677AD6B0027B85B /* DataSource */ = {
			isa = PBXGroup;
			children = (
				9577499A2677ADA60027B85B /* CharacterDataContainerDataSource.swift */,
			);
			path = DataSource;
			sourceTree = "<group>";
		};
		957749B12677AEDB0027B85B /* Model */ = {
			isa = PBXGroup;
			children = (
				957749B22677AEF60027B85B /* CharacterDataWrapperModel.swift */,
				957749BA2677AF050027B85B /* CharacterDataContainerModel.swift */,
				957749BF2677AF110027B85B /* CharacterModel.swift */,
				957749C42677AF1D0027B85B /* URLModel.swift */,
				957749C92677AF280027B85B /* ImageModel.swift */,
			);
			path = Model;
			sourceTree = "<group>";
		};
		957749CE2677AF960027B85B /* Utils */ = {
			isa = PBXGroup;
			children = (
				957749CF2677AFA10027B85B /* Constants.swift */,
			);
			path = Utils;
			sourceTree = "<group>";
		};
		957749D72677AFF20027B85B /* Feature */ = {
			isa = PBXGroup;
			children = (
				957749D82677AFF60027B85B /* CharacterData */,
			);
			path = Feature;
			sourceTree = "<group>";
		};
		957749D82677AFF60027B85B /* CharacterData */ = {
			isa = PBXGroup;
			children = (
				957749D92677AFFE0027B85B /* DataSource */,
				957749DA2677B0050027B85B /* Model */,
			);
			path = CharacterData;
			sourceTree = "<group>";
		};
		957749D92677AFFE0027B85B /* DataSource */ = {
			isa = PBXGroup;
			children = (
				957749DB2677B02A0027B85B /* CharacterDataContainerDataSourceTests.swift */,
			);
			path = DataSource;
			sourceTree = "<group>";
		};
		957749DA2677B0050027B85B /* Model */ = {
			isa = PBXGroup;
			children = (
				957749E32677B0480027B85B /* CharacterDataModelTests.swift */,
			);
			path = Model;
			sourceTree = "<group>";
		};
		95F633AF2677A6CA00858A6C = {
			isa = PBXGroup;
			children = (
				958222282677ABBF00A0BBAB /* Podfile */,
				958222272677ABBF00A0BBAB /* README.md */,
				95F633BA2677A6CA00858A6C /* Marvel */,
				95F633D12677A6CB00858A6C /* MarvelTests */,
				95F633DC2677A6CB00858A6C /* MarvelUITests */,
				95F633B92677A6CA00858A6C /* Products */,
				3CB8697BF725997DC85A09B7 /* Pods */,
				DE9C7437DC96AD6240B84258 /* Frameworks */,
			);
			sourceTree = "<group>";
		};
		95F633B92677A6CA00858A6C /* Products */ = {
			isa = PBXGroup;
			children = (
				95F633B82677A6CA00858A6C /* Marvel.app */,
				95F633CE2677A6CB00858A6C /* MarvelTests.xctest */,
				95F633D92677A6CB00858A6C /* MarvelUITests.xctest */,
			);
			name = Products;
			sourceTree = "<group>";
		};
		95F633BA2677A6CA00858A6C /* Marvel */ = {
			isa = PBXGroup;
			children = (
				957749CE2677AF960027B85B /* Utils */,
				957749972677AD3C0027B85B /* Feature */,
				95F633BB2677A6CA00858A6C /* AppDelegate.swift */,
				95F633BD2677A6CA00858A6C /* SceneDelegate.swift */,
				95F633BF2677A6CA00858A6C /* ViewController.swift */,
				95F633C12677A6CA00858A6C /* Main.storyboard */,
				95F633C42677A6CB00858A6C /* Assets.xcassets */,
				95F633C62677A6CB00858A6C /* LaunchScreen.storyboard */,
				95F633C92677A6CB00858A6C /* Info.plist */,
			);
			path = Marvel;
			sourceTree = "<group>";
		};
		95F633D12677A6CB00858A6C /* MarvelTests */ = {
			isa = PBXGroup;
			children = (
				957749D72677AFF20027B85B /* Feature */,
				95F633D22677A6CB00858A6C /* MarvelTests.swift */,
				95F633D42677A6CB00858A6C /* Info.plist */,
				957749EB2677B0810027B85B /* characters.json */,
			);
			path = MarvelTests;
			sourceTree = "<group>";
		};
		95F633DC2677A6CB00858A6C /* MarvelUITests */ = {
			isa = PBXGroup;
			children = (
				95F633DD2677A6CB00858A6C /* MarvelUITests.swift */,
				95F633DF2677A6CB00858A6C /* Info.plist */,
			);
			path = MarvelUITests;
			sourceTree = "<group>";
		};
		DE9C7437DC96AD6240B84258 /* Frameworks */ = {
			isa = PBXGroup;
			children = (
				98121A2752A35404714416C7 /* Pods_Marvel.framework */,
				6951C913E733BF98D9DFB650 /* Pods_Marvel_MarvelUITests.framework */,
				3DC4E187361433D04FC3E42C /* Pods_MarvelTests.framework */,
			);
			name = Frameworks;
			sourceTree = "<group>";
		};
/* End PBXGroup section */

/* Begin PBXNativeTarget section */
		95F633B72677A6CA00858A6C /* Marvel */ = {
			isa = PBXNativeTarget;
			buildConfigurationList = 95F633E22677A6CB00858A6C /* Build configuration list for PBXNativeTarget "Marvel" */;
			buildPhases = (
				7136E5BD68126BDB49B18EB3 /* [CP] Check Pods Manifest.lock */,
				95F633B42677A6CA00858A6C /* Sources */,
				95F633B52677A6CA00858A6C /* Frameworks */,
				95F633B62677A6CA00858A6C /* Resources */,
				DD9EEFBEAF87B2213712070B /* [CP] Embed Pods Frameworks */,
			);
			buildRules = (
			);
			dependencies = (
			);
			name = Marvel;
			productName = Marvel;
			productReference = 95F633B82677A6CA00858A6C /* Marvel.app */;
			productType = "com.apple.product-type.application";
		};
		95F633CD2677A6CB00858A6C /* MarvelTests */ = {
			isa = PBXNativeTarget;
			buildConfigurationList = 95F633E52677A6CB00858A6C /* Build configuration list for PBXNativeTarget "MarvelTests" */;
			buildPhases = (
				FAB4B0BDDDE921F713A137C0 /* [CP] Check Pods Manifest.lock */,
				95F633CA2677A6CB00858A6C /* Sources */,
				95F633CB2677A6CB00858A6C /* Frameworks */,
				95F633CC2677A6CB00858A6C /* Resources */,
			);
			buildRules = (
			);
			dependencies = (
				95F633D02677A6CB00858A6C /* PBXTargetDependency */,
			);
			name = MarvelTests;
			productName = MarvelTests;
			productReference = 95F633CE2677A6CB00858A6C /* MarvelTests.xctest */;
			productType = "com.apple.product-type.bundle.unit-test";
		};
		95F633D82677A6CB00858A6C /* MarvelUITests */ = {
			isa = PBXNativeTarget;
			buildConfigurationList = 95F633E82677A6CB00858A6C /* Build configuration list for PBXNativeTarget "MarvelUITests" */;
			buildPhases = (
				A89ED864AA5FD8FC8A38AFCA /* [CP] Check Pods Manifest.lock */,
				95F633D52677A6CB00858A6C /* Sources */,
				95F633D62677A6CB00858A6C /* Frameworks */,
				95F633D72677A6CB00858A6C /* Resources */,
				66AAC48F22A8D03229B1B0BF /* [CP] Embed Pods Frameworks */,
			);
			buildRules = (
			);
			dependencies = (
				95F633DB2677A6CB00858A6C /* PBXTargetDependency */,
			);
			name = MarvelUITests;
			productName = MarvelUITests;
			productReference = 95F633D92677A6CB00858A6C /* MarvelUITests.xctest */;
			productType = "com.apple.product-type.bundle.ui-testing";
		};
/* End PBXNativeTarget section */

/* Begin PBXProject section */
		95F633B02677A6CA00858A6C /* Project object */ = {
			isa = PBXProject;
			attributes = {
				LastSwiftUpdateCheck = 1240;
				LastUpgradeCheck = 1240;
				TargetAttributes = {
					95F633B72677A6CA00858A6C = {
						CreatedOnToolsVersion = 12.4;
					};
					95F633CD2677A6CB00858A6C = {
						CreatedOnToolsVersion = 12.4;
						TestTargetID = 95F633B72677A6CA00858A6C;
					};
					95F633D82677A6CB00858A6C = {
						CreatedOnToolsVersion = 12.4;
						TestTargetID = 95F633B72677A6CA00858A6C;
					};
				};
			};
			buildConfigurationList = 95F633B32677A6CA00858A6C /* Build configuration list for PBXProject "Marvel" */;
			compatibilityVersion = "Xcode 9.3";
			developmentRegion = en;
			hasScannedForEncodings = 0;
			knownRegions = (
				en,
				Base,
			);
			mainGroup = 95F633AF2677A6CA00858A6C;
			productRefGroup = 95F633B92677A6CA00858A6C /* Products */;
			projectDirPath = "";
			projectRoot = "";
			targets = (
				95F633B72677A6CA00858A6C /* Marvel */,
				95F633CD2677A6CB00858A6C /* MarvelTests */,
				95F633D82677A6CB00858A6C /* MarvelUITests */,
			);
		};
/* End PBXProject section */

/* Begin PBXResourcesBuildPhase section */
		95F633B62677A6CA00858A6C /* Resources */ = {
			isa = PBXResourcesBuildPhase;
			buildActionMask = 2147483647;
			files = (
				9582222A2677ABBF00A0BBAB /* Podfile in Resources */,
				95F633C82677A6CB00858A6C /* LaunchScreen.storyboard in Resources */,
				95F633C52677A6CB00858A6C /* Assets.xcassets in Resources */,
				958222292677ABBF00A0BBAB /* README.md in Resources */,
				95F633C32677A6CA00858A6C /* Main.storyboard in Resources */,
			);
			runOnlyForDeploymentPostprocessing = 0;
		};
		95F633CC2677A6CB00858A6C /* Resources */ = {
			isa = PBXResourcesBuildPhase;
			buildActionMask = 2147483647;
			files = (
				957749EC2677B0810027B85B /* characters.json in Resources */,
			);
			runOnlyForDeploymentPostprocessing = 0;
		};
		95F633D72677A6CB00858A6C /* Resources */ = {
			isa = PBXResourcesBuildPhase;
			buildActionMask = 2147483647;
			files = (
			);
			runOnlyForDeploymentPostprocessing = 0;
		};
/* End PBXResourcesBuildPhase section */

/* Begin PBXShellScriptBuildPhase section */
		66AAC48F22A8D03229B1B0BF /* [CP] Embed Pods Frameworks */ = {
			isa = PBXShellScriptBuildPhase;
			buildActionMask = 2147483647;
			files = (
			);
			inputFileListPaths = (
				"${PODS_ROOT}/Target Support Files/Pods-Marvel-MarvelUITests/Pods-Marvel-MarvelUITests-frameworks-${CONFIGURATION}-input-files.xcfilelist",
			);
			name = "[CP] Embed Pods Frameworks";
			outputFileListPaths = (
				"${PODS_ROOT}/Target Support Files/Pods-Marvel-MarvelUITests/Pods-Marvel-MarvelUITests-frameworks-${CONFIGURATION}-output-files.xcfilelist",
			);
			runOnlyForDeploymentPostprocessing = 0;
			shellPath = /bin/sh;
			shellScript = "\"${PODS_ROOT}/Target Support Files/Pods-Marvel-MarvelUITests/Pods-Marvel-MarvelUITests-frameworks.sh\"\n";
			showEnvVarsInLog = 0;
		};
		7136E5BD68126BDB49B18EB3 /* [CP] Check Pods Manifest.lock */ = {
			isa = PBXShellScriptBuildPhase;
			buildActionMask = 2147483647;
			files = (
			);
			inputFileListPaths = (
			);
			inputPaths = (
				"${PODS_PODFILE_DIR_PATH}/Podfile.lock",
				"${PODS_ROOT}/Manifest.lock",
			);
			name = "[CP] Check Pods Manifest.lock";
			outputFileListPaths = (
			);
			outputPaths = (
				"$(DERIVED_FILE_DIR)/Pods-Marvel-checkManifestLockResult.txt",
			);
			runOnlyForDeploymentPostprocessing = 0;
			shellPath = /bin/sh;
			shellScript = "diff \"${PODS_PODFILE_DIR_PATH}/Podfile.lock\" \"${PODS_ROOT}/Manifest.lock\" > /dev/null\nif [ $? != 0 ] ; then\n    # print error to STDERR\n    echo \"error: The sandbox is not in sync with the Podfile.lock. Run 'pod install' or update your CocoaPods installation.\" >&2\n    exit 1\nfi\n# This output is used by Xcode 'outputs' to avoid re-running this script phase.\necho \"SUCCESS\" > \"${SCRIPT_OUTPUT_FILE_0}\"\n";
			showEnvVarsInLog = 0;
		};
		A89ED864AA5FD8FC8A38AFCA /* [CP] Check Pods Manifest.lock */ = {
			isa = PBXShellScriptBuildPhase;
			buildActionMask = 2147483647;
			files = (
			);
			inputFileListPaths = (
			);
			inputPaths = (
				"${PODS_PODFILE_DIR_PATH}/Podfile.lock",
				"${PODS_ROOT}/Manifest.lock",
			);
			name = "[CP] Check Pods Manifest.lock";
			outputFileListPaths = (
			);
			outputPaths = (
				"$(DERIVED_FILE_DIR)/Pods-Marvel-MarvelUITests-checkManifestLockResult.txt",
			);
			runOnlyForDeploymentPostprocessing = 0;
			shellPath = /bin/sh;
			shellScript = "diff \"${PODS_PODFILE_DIR_PATH}/Podfile.lock\" \"${PODS_ROOT}/Manifest.lock\" > /dev/null\nif [ $? != 0 ] ; then\n    # print error to STDERR\n    echo \"error: The sandbox is not in sync with the Podfile.lock. Run 'pod install' or update your CocoaPods installation.\" >&2\n    exit 1\nfi\n# This output is used by Xcode 'outputs' to avoid re-running this script phase.\necho \"SUCCESS\" > \"${SCRIPT_OUTPUT_FILE_0}\"\n";
			showEnvVarsInLog = 0;
		};
		DD9EEFBEAF87B2213712070B /* [CP] Embed Pods Frameworks */ = {
			isa = PBXShellScriptBuildPhase;
			buildActionMask = 2147483647;
			files = (
			);
			inputFileListPaths = (
				"${PODS_ROOT}/Target Support Files/Pods-Marvel/Pods-Marvel-frameworks-${CONFIGURATION}-input-files.xcfilelist",
			);
			name = "[CP] Embed Pods Frameworks";
			outputFileListPaths = (
				"${PODS_ROOT}/Target Support Files/Pods-Marvel/Pods-Marvel-frameworks-${CONFIGURATION}-output-files.xcfilelist",
			);
			runOnlyForDeploymentPostprocessing = 0;
			shellPath = /bin/sh;
			shellScript = "\"${PODS_ROOT}/Target Support Files/Pods-Marvel/Pods-Marvel-frameworks.sh\"\n";
			showEnvVarsInLog = 0;
		};
		FAB4B0BDDDE921F713A137C0 /* [CP] Check Pods Manifest.lock */ = {
			isa = PBXShellScriptBuildPhase;
			buildActionMask = 2147483647;
			files = (
			);
			inputFileListPaths = (
			);
			inputPaths = (
				"${PODS_PODFILE_DIR_PATH}/Podfile.lock",
				"${PODS_ROOT}/Manifest.lock",
			);
			name = "[CP] Check Pods Manifest.lock";
			outputFileListPaths = (
			);
			outputPaths = (
				"$(DERIVED_FILE_DIR)/Pods-MarvelTests-checkManifestLockResult.txt",
			);
			runOnlyForDeploymentPostprocessing = 0;
			shellPath = /bin/sh;
			shellScript = "diff \"${PODS_PODFILE_DIR_PATH}/Podfile.lock\" \"${PODS_ROOT}/Manifest.lock\" > /dev/null\nif [ $? != 0 ] ; then\n    # print error to STDERR\n    echo \"error: The sandbox is not in sync with the Podfile.lock. Run 'pod install' or update your CocoaPods installation.\" >&2\n    exit 1\nfi\n# This output is used by Xcode 'outputs' to avoid re-running this script phase.\necho \"SUCCESS\" > \"${SCRIPT_OUTPUT_FILE_0}\"\n";
			showEnvVarsInLog = 0;
		};
/* End PBXShellScriptBuildPhase section */

/* Begin PBXSourcesBuildPhase section */
		95F633B42677A6CA00858A6C /* Sources */ = {
			isa = PBXSourcesBuildPhase;
			buildActionMask = 2147483647;
			files = (
				95F633C02677A6CA00858A6C /* ViewController.swift in Sources */,
				957749BB2677AF050027B85B /* CharacterDataContainerModel.swift in Sources */,
				95F633BC2677A6CA00858A6C /* AppDelegate.swift in Sources */,
				9577499B2677ADA60027B85B /* CharacterDataContainerDataSource.swift in Sources */,
				957749CA2677AF280027B85B /* ImageModel.swift in Sources */,
				957749D02677AFA10027B85B /* Constants.swift in Sources */,
				95F633BE2677A6CA00858A6C /* SceneDelegate.swift in Sources */,
				957749C52677AF1D0027B85B /* URLModel.swift in Sources */,
				957749C02677AF110027B85B /* CharacterModel.swift in Sources */,
				957749B32677AEF60027B85B /* CharacterDataWrapperModel.swift in Sources */,
			);
			runOnlyForDeploymentPostprocessing = 0;
		};
		95F633CA2677A6CB00858A6C /* Sources */ = {
			isa = PBXSourcesBuildPhase;
			buildActionMask = 2147483647;
			files = (
				957749DC2677B02A0027B85B /* CharacterDataContainerDataSourceTests.swift in Sources */,
				957749E42677B0480027B85B /* CharacterDataModelTests.swift in Sources */,
				95F633D32677A6CB00858A6C /* MarvelTests.swift in Sources */,
			);
			runOnlyForDeploymentPostprocessing = 0;
		};
		95F633D52677A6CB00858A6C /* Sources */ = {
			isa = PBXSourcesBuildPhase;
			buildActionMask = 2147483647;
			files = (
				95F633DE2677A6CB00858A6C /* MarvelUITests.swift in Sources */,
			);
			runOnlyForDeploymentPostprocessing = 0;
		};
/* End PBXSourcesBuildPhase section */

/* Begin PBXTargetDependency section */
		95F633D02677A6CB00858A6C /* PBXTargetDependency */ = {
			isa = PBXTargetDependency;
			target = 95F633B72677A6CA00858A6C /* Marvel */;
			targetProxy = 95F633CF2677A6CB00858A6C /* PBXContainerItemProxy */;
		};
		95F633DB2677A6CB00858A6C /* PBXTargetDependency */ = {
			isa = PBXTargetDependency;
			target = 95F633B72677A6CA00858A6C /* Marvel */;
			targetProxy = 95F633DA2677A6CB00858A6C /* PBXContainerItemProxy */;
		};
/* End PBXTargetDependency section */

/* Begin PBXVariantGroup section */
		95F633C12677A6CA00858A6C /* Main.storyboard */ = {
			isa = PBXVariantGroup;
			children = (
				95F633C22677A6CA00858A6C /* Base */,
			);
			name = Main.storyboard;
			sourceTree = "<group>";
		};
		95F633C62677A6CB00858A6C /* LaunchScreen.storyboard */ = {
			isa = PBXVariantGroup;
			children = (
				95F633C72677A6CB00858A6C /* Base */,
			);
			name = LaunchScreen.storyboard;
			sourceTree = "<group>";
		};
/* End PBXVariantGroup section */

/* Begin XCBuildConfiguration section */
		95F633E02677A6CB00858A6C /* Debug */ = {
			isa = XCBuildConfiguration;
			buildSettings = {
				ALWAYS_SEARCH_USER_PATHS = NO;
				CLANG_ANALYZER_NONNULL = YES;
				CLANG_ANALYZER_NUMBER_OBJECT_CONVERSION = YES_AGGRESSIVE;
				CLANG_CXX_LANGUAGE_STANDARD = "gnu++14";
				CLANG_CXX_LIBRARY = "libc++";
				CLANG_ENABLE_MODULES = YES;
				CLANG_ENABLE_OBJC_ARC = YES;
				CLANG_ENABLE_OBJC_WEAK = YES;
				CLANG_WARN_BLOCK_CAPTURE_AUTORELEASING = YES;
				CLANG_WARN_BOOL_CONVERSION = YES;
				CLANG_WARN_COMMA = YES;
				CLANG_WARN_CONSTANT_CONVERSION = YES;
				CLANG_WARN_DEPRECATED_OBJC_IMPLEMENTATIONS = YES;
				CLANG_WARN_DIRECT_OBJC_ISA_USAGE = YES_ERROR;
				CLANG_WARN_DOCUMENTATION_COMMENTS = YES;
				CLANG_WARN_EMPTY_BODY = YES;
				CLANG_WARN_ENUM_CONVERSION = YES;
				CLANG_WARN_INFINITE_RECURSION = YES;
				CLANG_WARN_INT_CONVERSION = YES;
				CLANG_WARN_NON_LITERAL_NULL_CONVERSION = YES;
				CLANG_WARN_OBJC_IMPLICIT_RETAIN_SELF = YES;
				CLANG_WARN_OBJC_LITERAL_CONVERSION = YES;
				CLANG_WARN_OBJC_ROOT_CLASS = YES_ERROR;
				CLANG_WARN_QUOTED_INCLUDE_IN_FRAMEWORK_HEADER = YES;
				CLANG_WARN_RANGE_LOOP_ANALYSIS = YES;
				CLANG_WARN_STRICT_PROTOTYPES = YES;
				CLANG_WARN_SUSPICIOUS_MOVE = YES;
				CLANG_WARN_UNGUARDED_AVAILABILITY = YES_AGGRESSIVE;
				CLANG_WARN_UNREACHABLE_CODE = YES;
				CLANG_WARN__DUPLICATE_METHOD_MATCH = YES;
				COPY_PHASE_STRIP = NO;
				DEBUG_INFORMATION_FORMAT = dwarf;
				ENABLE_STRICT_OBJC_MSGSEND = YES;
				ENABLE_TESTABILITY = YES;
				GCC_C_LANGUAGE_STANDARD = gnu11;
				GCC_DYNAMIC_NO_PIC = NO;
				GCC_NO_COMMON_BLOCKS = YES;
				GCC_OPTIMIZATION_LEVEL = 0;
				GCC_PREPROCESSOR_DEFINITIONS = (
					"DEBUG=1",
					"$(inherited)",
				);
				GCC_WARN_64_TO_32_BIT_CONVERSION = YES;
				GCC_WARN_ABOUT_RETURN_TYPE = YES_ERROR;
				GCC_WARN_UNDECLARED_SELECTOR = YES;
				GCC_WARN_UNINITIALIZED_AUTOS = YES_AGGRESSIVE;
				GCC_WARN_UNUSED_FUNCTION = YES;
				GCC_WARN_UNUSED_VARIABLE = YES;
				IPHONEOS_DEPLOYMENT_TARGET = 14.4;
				MTL_ENABLE_DEBUG_INFO = INCLUDE_SOURCE;
				MTL_FAST_MATH = YES;
				ONLY_ACTIVE_ARCH = YES;
				SDKROOT = iphoneos;
				SWIFT_ACTIVE_COMPILATION_CONDITIONS = DEBUG;
				SWIFT_OPTIMIZATION_LEVEL = "-Onone";
			};
			name = Debug;
		};
		95F633E12677A6CB00858A6C /* Release */ = {
			isa = XCBuildConfiguration;
			buildSettings = {
				ALWAYS_SEARCH_USER_PATHS = NO;
				CLANG_ANALYZER_NONNULL = YES;
				CLANG_ANALYZER_NUMBER_OBJECT_CONVERSION = YES_AGGRESSIVE;
				CLANG_CXX_LANGUAGE_STANDARD = "gnu++14";
				CLANG_CXX_LIBRARY = "libc++";
				CLANG_ENABLE_MODULES = YES;
				CLANG_ENABLE_OBJC_ARC = YES;
				CLANG_ENABLE_OBJC_WEAK = YES;
				CLANG_WARN_BLOCK_CAPTURE_AUTORELEASING = YES;
				CLANG_WARN_BOOL_CONVERSION = YES;
				CLANG_WARN_COMMA = YES;
				CLANG_WARN_CONSTANT_CONVERSION = YES;
				CLANG_WARN_DEPRECATED_OBJC_IMPLEMENTATIONS = YES;
				CLANG_WARN_DIRECT_OBJC_ISA_USAGE = YES_ERROR;
				CLANG_WARN_DOCUMENTATION_COMMENTS = YES;
				CLANG_WARN_EMPTY_BODY = YES;
				CLANG_WARN_ENUM_CONVERSION = YES;
				CLANG_WARN_INFINITE_RECURSION = YES;
				CLANG_WARN_INT_CONVERSION = YES;
				CLANG_WARN_NON_LITERAL_NULL_CONVERSION = YES;
				CLANG_WARN_OBJC_IMPLICIT_RETAIN_SELF = YES;
				CLANG_WARN_OBJC_LITERAL_CONVERSION = YES;
				CLANG_WARN_OBJC_ROOT_CLASS = YES_ERROR;
				CLANG_WARN_QUOTED_INCLUDE_IN_FRAMEWORK_HEADER = YES;
				CLANG_WARN_RANGE_LOOP_ANALYSIS = YES;
				CLANG_WARN_STRICT_PROTOTYPES = YES;
				CLANG_WARN_SUSPICIOUS_MOVE = YES;
				CLANG_WARN_UNGUARDED_AVAILABILITY = YES_AGGRESSIVE;
				CLANG_WARN_UNREACHABLE_CODE = YES;
				CLANG_WARN__DUPLICATE_METHOD_MATCH = YES;
				COPY_PHASE_STRIP = NO;
				DEBUG_INFORMATION_FORMAT = "dwarf-with-dsym";
				ENABLE_NS_ASSERTIONS = NO;
				ENABLE_STRICT_OBJC_MSGSEND = YES;
				GCC_C_LANGUAGE_STANDARD = gnu11;
				GCC_NO_COMMON_BLOCKS = YES;
				GCC_WARN_64_TO_32_BIT_CONVERSION = YES;
				GCC_WARN_ABOUT_RETURN_TYPE = YES_ERROR;
				GCC_WARN_UNDECLARED_SELECTOR = YES;
				GCC_WARN_UNINITIALIZED_AUTOS = YES_AGGRESSIVE;
				GCC_WARN_UNUSED_FUNCTION = YES;
				GCC_WARN_UNUSED_VARIABLE = YES;
				IPHONEOS_DEPLOYMENT_TARGET = 14.4;
				MTL_ENABLE_DEBUG_INFO = NO;
				MTL_FAST_MATH = YES;
				SDKROOT = iphoneos;
				SWIFT_COMPILATION_MODE = wholemodule;
				SWIFT_OPTIMIZATION_LEVEL = "-O";
				VALIDATE_PRODUCT = YES;
			};
			name = Release;
		};
		95F633E32677A6CB00858A6C /* Debug */ = {
			isa = XCBuildConfiguration;
			baseConfigurationReference = BD28EC8A9F757E544ABCAAE9 /* Pods-Marvel.debug.xcconfig */;
			buildSettings = {
				ASSETCATALOG_COMPILER_APPICON_NAME = AppIcon;
				ASSETCATALOG_COMPILER_GLOBAL_ACCENT_COLOR_NAME = AccentColor;
				CODE_SIGN_STYLE = Automatic;
				INFOPLIST_FILE = Marvel/Info.plist;
				LD_RUNPATH_SEARCH_PATHS = (
					"$(inherited)",
					"@executable_path/Frameworks",
				);
				PRODUCT_BUNDLE_IDENTIFIER = n2devcode.Marvel;
				PRODUCT_NAME = "$(TARGET_NAME)";
				SWIFT_VERSION = 5.0;
				TARGETED_DEVICE_FAMILY = "1,2";
			};
			name = Debug;
		};
		95F633E42677A6CB00858A6C /* Release */ = {
			isa = XCBuildConfiguration;
			baseConfigurationReference = DD18079F5FB3C99EB325E36B /* Pods-Marvel.release.xcconfig */;
			buildSettings = {
				ASSETCATALOG_COMPILER_APPICON_NAME = AppIcon;
				ASSETCATALOG_COMPILER_GLOBAL_ACCENT_COLOR_NAME = AccentColor;
				CODE_SIGN_STYLE = Automatic;
				INFOPLIST_FILE = Marvel/Info.plist;
				LD_RUNPATH_SEARCH_PATHS = (
					"$(inherited)",
					"@executable_path/Frameworks",
				);
				PRODUCT_BUNDLE_IDENTIFIER = n2devcode.Marvel;
				PRODUCT_NAME = "$(TARGET_NAME)";
				SWIFT_VERSION = 5.0;
				TARGETED_DEVICE_FAMILY = "1,2";
			};
			name = Release;
		};
		95F633E62677A6CB00858A6C /* Debug */ = {
			isa = XCBuildConfiguration;
			baseConfigurationReference = 7C15B633777B6358215C9C1C /* Pods-MarvelTests.debug.xcconfig */;
			buildSettings = {
				ALWAYS_EMBED_SWIFT_STANDARD_LIBRARIES = YES;
				BUNDLE_LOADER = "$(TEST_HOST)";
				CODE_SIGN_STYLE = Automatic;
				INFOPLIST_FILE = MarvelTests/Info.plist;
				IPHONEOS_DEPLOYMENT_TARGET = 14.4;
				LD_RUNPATH_SEARCH_PATHS = (
					"$(inherited)",
					"@executable_path/Frameworks",
					"@loader_path/Frameworks",
				);
				PRODUCT_BUNDLE_IDENTIFIER = n2devcode.MarvelTests;
				PRODUCT_NAME = "$(TARGET_NAME)";
				SWIFT_VERSION = 5.0;
				TARGETED_DEVICE_FAMILY = "1,2";
				TEST_HOST = "$(BUILT_PRODUCTS_DIR)/Marvel.app/Marvel";
			};
			name = Debug;
		};
		95F633E72677A6CB00858A6C /* Release */ = {
			isa = XCBuildConfiguration;
			baseConfigurationReference = 883235D42544505141CD3B2C /* Pods-MarvelTests.release.xcconfig */;
			buildSettings = {
				ALWAYS_EMBED_SWIFT_STANDARD_LIBRARIES = YES;
				BUNDLE_LOADER = "$(TEST_HOST)";
				CODE_SIGN_STYLE = Automatic;
				INFOPLIST_FILE = MarvelTests/Info.plist;
				IPHONEOS_DEPLOYMENT_TARGET = 14.4;
				LD_RUNPATH_SEARCH_PATHS = (
					"$(inherited)",
					"@executable_path/Frameworks",
					"@loader_path/Frameworks",
				);
				PRODUCT_BUNDLE_IDENTIFIER = n2devcode.MarvelTests;
				PRODUCT_NAME = "$(TARGET_NAME)";
				SWIFT_VERSION = 5.0;
				TARGETED_DEVICE_FAMILY = "1,2";
				TEST_HOST = "$(BUILT_PRODUCTS_DIR)/Marvel.app/Marvel";
			};
			name = Release;
		};
		95F633E92677A6CB00858A6C /* Debug */ = {
			isa = XCBuildConfiguration;
			baseConfigurationReference = F41B3B9E55BC1FD3ABED86C0 /* Pods-Marvel-MarvelUITests.debug.xcconfig */;
			buildSettings = {
				ALWAYS_EMBED_SWIFT_STANDARD_LIBRARIES = YES;
				CODE_SIGN_STYLE = Automatic;
				INFOPLIST_FILE = MarvelUITests/Info.plist;
				LD_RUNPATH_SEARCH_PATHS = (
					"$(inherited)",
					"@executable_path/Frameworks",
					"@loader_path/Frameworks",
				);
				PRODUCT_BUNDLE_IDENTIFIER = n2devcode.MarvelUITests;
				PRODUCT_NAME = "$(TARGET_NAME)";
				SWIFT_VERSION = 5.0;
				TARGETED_DEVICE_FAMILY = "1,2";
				TEST_TARGET_NAME = Marvel;
			};
			name = Debug;
		};
		95F633EA2677A6CB00858A6C /* Release */ = {
			isa = XCBuildConfiguration;
			baseConfigurationReference = 01A921F34CA819ABFBF3D46C /* Pods-Marvel-MarvelUITests.release.xcconfig */;
			buildSettings = {
				ALWAYS_EMBED_SWIFT_STANDARD_LIBRARIES = YES;
				CODE_SIGN_STYLE = Automatic;
				INFOPLIST_FILE = MarvelUITests/Info.plist;
				LD_RUNPATH_SEARCH_PATHS = (
					"$(inherited)",
					"@executable_path/Frameworks",
					"@loader_path/Frameworks",
				);
				PRODUCT_BUNDLE_IDENTIFIER = n2devcode.MarvelUITests;
				PRODUCT_NAME = "$(TARGET_NAME)";
				SWIFT_VERSION = 5.0;
				TARGETED_DEVICE_FAMILY = "1,2";
				TEST_TARGET_NAME = Marvel;
			};
			name = Release;
		};
/* End XCBuildConfiguration section */

/* Begin XCConfigurationList section */
		95F633B32677A6CA00858A6C /* Build configuration list for PBXProject "Marvel" */ = {
			isa = XCConfigurationList;
			buildConfigurations = (
				95F633E02677A6CB00858A6C /* Debug */,
				95F633E12677A6CB00858A6C /* Release */,
			);
			defaultConfigurationIsVisible = 0;
			defaultConfigurationName = Release;
		};
		95F633E22677A6CB00858A6C /* Build configuration list for PBXNativeTarget "Marvel" */ = {
			isa = XCConfigurationList;
			buildConfigurations = (
				95F633E32677A6CB00858A6C /* Debug */,
				95F633E42677A6CB00858A6C /* Release */,
			);
			defaultConfigurationIsVisible = 0;
			defaultConfigurationName = Release;
		};
		95F633E52677A6CB00858A6C /* Build configuration list for PBXNativeTarget "MarvelTests" */ = {
			isa = XCConfigurationList;
			buildConfigurations = (
				95F633E62677A6CB00858A6C /* Debug */,
				95F633E72677A6CB00858A6C /* Release */,
			);
			defaultConfigurationIsVisible = 0;
			defaultConfigurationName = Release;
		};
		95F633E82677A6CB00858A6C /* Build configuration list for PBXNativeTarget "MarvelUITests" */ = {
			isa = XCConfigurationList;
			buildConfigurations = (
				95F633E92677A6CB00858A6C /* Debug */,
				95F633EA2677A6CB00858A6C /* Release */,
			);
			defaultConfigurationIsVisible = 0;
			defaultConfigurationName = Release;
		};
/* End XCConfigurationList section */
	};
	rootObject = 95F633B02677A6CA00858A6C /* Project object */;
}
